
Microsoft Visual Studio Solution File, Format Version 12.00
# Visual Studio Version 16
VisualStudioVersion = 16.0.32510.428
MinimumVisualStudioVersion = 10.0.40219.1
Project("{9A19103F-16F7-4668-BE54-9A1E7A4F7556}") = "RentACar.Dal", "RentACar.Dal\RentACar.Dal.csproj", "{81D026FF-2E33-4484-8AB2-256E2EBE368F}"
EndProject
Project("{9A19103F-16F7-4668-BE54-9A1E7A4F7556}") = "RentACar.Entities", "RentACar.Entities\RentACar.Entities.csproj", "{8EA370CA-D11C-4DC3-8924-205F3595E0F2}"
EndProject
Project("{9A19103F-16F7-4668-BE54-9A1E7A4F7556}") = "RentACar.BL", "RentACar.BL\RentACar.BL.csproj", "{5A2EDB6D-C24A-463D-BBC7-ED73736035BB}"
EndProject
Project("{9A19103F-16F7-4668-BE54-9A1E7A4F7556}") = "RentACar.UI", "RentACar\RentACar.UI.csproj", "{AA9482C0-BC4E-439B-AA2C-1C83907D06BC}"
EndProject
Project("{FAE04EC0-301F-11D3-BF4B-00C04F79EFBC}") = "TestConsole", "TestConsole\TestConsole.csproj", "{FA6F5F58-E08A-49F9-B5CE-02B4D211D6EA}"
EndProject
Global
	GlobalSection(SolutionConfigurationPlatforms) = preSolution
		Debug|Any CPU = Debug|Any CPU
		Release|Any CPU = Release|Any CPU
	EndGlobalSection
	GlobalSection(ProjectConfigurationPlatforms) = postSolution
		{81D026FF-2E33-4484-8AB2-256E2EBE368F}.Debug|Any CPU.ActiveCfg = Debug|Any CPU
		{81D026FF-2E33-4484-8AB2-256E2EBE368F}.Debug|Any CPU.Build.0 = Debug|Any CPU
		{81D026FF-2E33-4484-8AB2-256E2EBE368F}.Release|Any CPU.ActiveCfg = Release|Any CPU
		{81D026FF-2E33-4484-8AB2-256E2EBE368F}.Release|Any CPU.Build.0 = Release|Any CPU
		{8EA370CA-D11C-4DC3-8924-205F3595E0F2}.Debug|Any CPU.ActiveCfg = Debug|Any CPU
		{8EA370CA-D11C-4DC3-8924-205F3595E0F2}.Debug|Any CPU.Build.0 = Debug|Any CPU
		{8EA370CA-D11C-4DC3-8924-205F3595E0F2}.Release|Any CPU.ActiveCfg = Release|Any CPU
		{8EA370CA-D11C-4DC3-8924-205F3595E0F2}.Release|Any CPU.Build.0 = Release|Any CPU
		{5A2EDB6D-C24A-463D-BBC7-ED73736035BB}.Debug|Any CPU.ActiveCfg = Debug|Any CPU
		{5A2EDB6D-C24A-463D-BBC7-ED73736035BB}.Debug|Any CPU.Build.0 = Debug|Any CPU
		{5A2EDB6D-C24A-463D-BBC7-ED73736035BB}.Release|Any CPU.ActiveCfg = Release|Any CPU
		{5A2EDB6D-C24A-463D-BBC7-ED73736035BB}.Release|Any CPU.Build.0 = Release|Any CPU
		{AA9482C0-BC4E-439B-AA2C-1C83907D06BC}.Debug|Any CPU.ActiveCfg = Debug|Any CPU
		{AA9482C0-BC4E-439B-AA2C-1C83907D06BC}.Debug|Any CPU.Build.0 = Debug|Any CPU
		{AA9482C0-BC4E-439B-AA2C-1C83907D06BC}.Release|Any CPU.ActiveCfg = Release|Any CPU
		{AA9482C0-BC4E-439B-AA2C-1C83907D06BC}.Release|Any CPU.Build.0 = Release|Any CPU
		{FA6F5F58-E08A-49F9-B5CE-02B4D211D6EA}.Debug|Any CPU.ActiveCfg = Debug|Any CPU
		{FA6F5F58-E08A-49F9-B5CE-02B4D211D6EA}.Debug|Any CPU.Build.0 = Debug|Any CPU
		{FA6F5F58-E08A-49F9-B5CE-02B4D211D6EA}.Release|Any CPU.ActiveCfg = Release|Any CPU
		{FA6F5F58-E08A-49F9-B5CE-02B4D211D6EA}.Release|Any CPU.Build.0 = Release|Any CPU
	EndGlobalSection
	GlobalSection(SolutionProperties) = preSolution
		HideSolutionNode = FALSE
	EndGlobalSection
	GlobalSection(ExtensibilityGlobals) = postSolution
		SolutionGuid = {4C031F83-375C-4CDA-88CF-6D4C68FE023E}
	EndGlobalSection
EndGlobal
